{
  "name": "quais",
  "version": "0.1.14",
  "lockfileVersion": 3,
  "requires": true,
  "packages": {
    "": {
      "name": "quais",
      "version": "0.1.14",
      "license": "MIT",
      "dependencies": {
        "@quais/abi": "0.1.0",
        "@quais/abstract-provider": "0.1.4",
        "@quais/abstract-signer": "0.1.0",
        "@quais/address": "0.1.2",
        "@quais/base64": "0.1.0",
        "@quais/basex": "0.1.0",
        "@quais/bignumber": "0.1.0",
        "@quais/bytes": "0.1.0",
        "@quais/constants": "0.1.2",
        "@quais/contracts": "0.1.2",
        "@quais/hash": "0.1.0",
        "@quais/hdnode": "0.1.1",
        "@quais/json-wallets": "0.1.0",
        "@quais/keccak256": "0.1.0",
        "@quais/logger": "0.1.0",
        "@quais/networks": "0.1.0",
        "@quais/pbkdf2": "0.1.0",
        "@quais/properties": "0.1.0",
        "@quais/providers": "0.1.5",
        "@quais/random": "0.1.0",
        "@quais/rlp": "0.1.0",
        "@quais/sha2": "0.1.0",
        "@quais/signing-key": "0.1.0",
        "@quais/solidity": "0.1.0",
        "@quais/strings": "0.1.0",
        "@quais/transactions": "0.1.2",
        "@quais/units": "0.1.0",
        "@quais/wallet": "0.1.0",
        "@quais/web": "0.1.0",
        "@quais/wordlists": "0.1.0"
      }
    },
    "node_modules/@quais/abi": {
      "version": "0.1.0",
      "resolved": "https://registry.npmjs.org/@quais/abi/-/abi-0.1.0.tgz",
      "integrity": "sha512-TQmQ4YJZ/xghKIWxzGKdoIhgsNo8oyZ3NG2H898UHJxq2fVPhDscmqJYyHmpKvv74ZUuDv6dzXmv4zBzy1p6Xw==",
      "funding": [
        {
          "type": "individual",
          "url": "https://gitcoin.co/grants/13/ethersjs-complete-simple-and-tiny-2"
        },
        {
          "type": "individual",
          "url": "https://www.buymeacoffee.com/ricmoo"
        }
      ],
      "dependencies": {
        "@quais/address": "^0.1.0",
        "@quais/bignumber": "^0.1.0",
        "@quais/bytes": "^0.1.0",
        "@quais/constants": "^0.1.0",
        "@quais/hash": "^0.1.0",
        "@quais/keccak256": "^0.1.0",
        "@quais/logger": "^0.1.0",
        "@quais/properties": "^0.1.0",
        "@quais/strings": "^0.1.0"
      }
    },
    "node_modules/@quais/abstract-provider": {
      "version": "0.1.4",
      "resolved": "https://registry.npmjs.org/@quais/abstract-provider/-/abstract-provider-0.1.4.tgz",
      "integrity": "sha512-ZQlrzI7WQkRqq1JxkeNqrxQS72ZXKfwIjKMnkWajBlu13aD+zU6gOmxHHN+osgdapm15zNARLKIXJ6nEkbhNiQ==",
      "dependencies": {
        "@quais/bignumber": "^0.1.0",
        "@quais/bytes": "^0.1.0",
        "@quais/logger": "^0.1.0",
        "@quais/networks": "^0.1.0",
        "@quais/properties": "^0.1.0",
        "@quais/transactions": "^0.1.0",
        "@quais/web": "^0.1.0"
      }
    },
    "node_modules/@quais/abstract-signer": {
      "version": "0.1.0",
      "resolved": "https://registry.npmjs.org/@quais/abstract-signer/-/abstract-signer-0.1.0.tgz",
      "integrity": "sha512-nHlY6jzomIRlex5Pa1QpYwAEvxZaJtkVy0eFP7fi2tIx9E5hHR2CHqwzo4+VvxefppLKevNXxp2k/2hYm13QKg==",
      "dependencies": {
        "@quais/abstract-provider": "^0.1.0",
        "@quais/bignumber": "^0.1.0",
        "@quais/bytes": "^0.1.0",
        "@quais/logger": "^0.1.0",
        "@quais/properties": "^0.1.0"
      }
    },
    "node_modules/@quais/address": {
      "version": "0.1.2",
      "resolved": "https://registry.npmjs.org/@quais/address/-/address-0.1.2.tgz",
      "integrity": "sha512-hHkFgt4ZYDbEZavSfIhWGshfzyTstLVACvll9dRs0qu/QSUcUJxv9h9p32WBJC1APy30zUottzBk7M08UwSUrA==",
      "dependencies": {
        "@quais/bignumber": "^0.1.0",
        "@quais/bytes": "^0.1.0",
        "@quais/keccak256": "^0.1.0",
        "@quais/logger": "^0.1.0",
        "@quais/rlp": "^0.1.0"
      }
    },
    "node_modules/@quais/base64": {
      "version": "0.1.0",
      "resolved": "https://registry.npmjs.org/@quais/base64/-/base64-0.1.0.tgz",
      "integrity": "sha512-UFCPvZrMxrx8UD/m+Nuo3X/Lybp87dRlUaiMw1agy2HkCcfBDkjVVJhVNSctxQxpH+mfb4nylGHybVwsA4CQhg==",
      "dependencies": {
        "@quais/bytes": "^0.1.0"
      }
    },
    "node_modules/@quais/basex": {
      "version": "0.1.0",
      "resolved": "https://registry.npmjs.org/@quais/basex/-/basex-0.1.0.tgz",
      "integrity": "sha512-gfju02i5+2c9VJIL0BOBaxvoHq/G8ceNzhiB5VQTI3h9RIjTKGTz5mf3myaFBMNfaHgollXow7AhP67KXnp9jw==",
      "dependencies": {
        "@quais/bytes": "^0.1.0",
        "@quais/properties": "^0.1.0"
      }
    },
    "node_modules/@quais/bignumber": {
      "version": "0.1.0",
      "resolved": "https://registry.npmjs.org/@quais/bignumber/-/bignumber-0.1.0.tgz",
      "integrity": "sha512-GOf/4vvWAxDM4Ghkdx8W1SCSIiRnZyRhKG14DIWCStxc1KezbWCu6n6s8jdRbdWrzILjQUr+6lBqRDyBI6LC9w==",
      "funding": [
        {
          "type": "individual",
          "url": "https://gitcoin.co/grants/13/ethersjs-complete-simple-and-tiny-2"
        },
        {
          "type": "individual",
          "url": "https://www.buymeacoffee.com/ricmoo"
        }
      ],
      "dependencies": {
        "@quais/bytes": "^0.1.0",
        "@quais/logger": "^0.1.0",
        "bn.js": "^5.2.1"
      }
    },
    "node_modules/@quais/bytes": {
      "version": "0.1.0",
      "resolved": "https://registry.npmjs.org/@quais/bytes/-/bytes-0.1.0.tgz",
      "integrity": "sha512-mCmG06gzWAmoSqVC+2nijxXpA92D2k5Ds8jBSIfiViUVRvlqPufFOyBUCQkw5qrkoeSuNtVVASR5CN7bzY1Svw==",
      "dependencies": {
        "@quais/logger": "^0.1.0"
      }
    },
    "node_modules/@quais/constants": {
      "version": "0.1.2",
      "resolved": "https://registry.npmjs.org/@quais/constants/-/constants-0.1.2.tgz",
      "integrity": "sha512-x7tIQm37Si/mLQtATBLHZbLL0600TLhILN0JA+/ztDLcff89rgr6u/RtMFgugHlduYmyf9H/eKSAOyIldBTubg==",
      "dependencies": {
        "@quais/bignumber": "^0.1.0"
      }
    },
    "node_modules/@quais/contracts": {
      "version": "0.1.2",
      "resolved": "https://registry.npmjs.org/@quais/contracts/-/contracts-0.1.2.tgz",
      "integrity": "sha512-D0s1Xo82xfzB6sX1xje84tXDcfQJtK9cic9juHKql5w5cqnbAE2Tx5OCYba5dJB8N+oDVbu5/o9uVxpsKpYu6w==",
      "dependencies": {
        "@quais/abi": "^0.1.0",
        "@quais/abstract-provider": "^0.1.0",
        "@quais/abstract-signer": "^0.1.0",
        "@quais/address": "^0.1.1",
        "@quais/bignumber": "^0.1.0",
        "@quais/bytes": "^0.1.0",
        "@quais/constants": "^0.1.0",
        "@quais/logger": "^0.1.0",
        "@quais/properties": "^0.1.0",
        "@quais/transactions": "^0.1.0"
      }
    },
    "node_modules/@quais/hash": {
      "version": "0.1.0",
      "resolved": "https://registry.npmjs.org/@quais/hash/-/hash-0.1.0.tgz",
      "integrity": "sha512-8UNowkaWSlsxaR+VcEz5PSU8isQHXHHUHPaSJeGc5b9uBSYcyX87WFc1Ja+jaEv3QbiRVzM2C10VIIcCcB8hFA==",
      "dependencies": {
        "@quais/abstract-signer": "^0.1.0",
        "@quais/address": "^0.1.0",
        "@quais/base64": "^0.1.0",
        "@quais/bignumber": "^0.1.0",
        "@quais/bytes": "^0.1.0",
        "@quais/keccak256": "^0.1.0",
        "@quais/logger": "^0.1.0",
        "@quais/properties": "^0.1.0",
        "@quais/strings": "^0.1.0"
      }
    },
    "node_modules/@quais/hdnode": {
      "version": "0.1.1",
      "resolved": "https://registry.npmjs.org/@quais/hdnode/-/hdnode-0.1.1.tgz",
      "integrity": "sha512-kcFnXRk8NWB63hK0qyVjagd4pqfTcqN8Po6CPm5MhUvXSXqdFpYitSXRh6O2ZKgzqK62uO75110MAEpNFADJPA==",
      "dependencies": {
        "@quais/abstract-signer": "^0.1.0",
        "@quais/basex": "^0.1.0",
        "@quais/bignumber": "^0.1.0",
        "@quais/bytes": "^0.1.0",
        "@quais/logger": "^0.1.0",
        "@quais/pbkdf2": "^0.1.0",
        "@quais/properties": "^0.1.0",
        "@quais/sha2": "^0.1.0",
        "@quais/signing-key": "^0.1.0",
        "@quais/strings": "^0.1.0",
        "@quais/transactions": "^0.1.0",
        "@quais/wordlists": "^0.1.0"
      }
    },
    "node_modules/@quais/json-wallets": {
      "version": "0.1.0",
      "resolved": "https://registry.npmjs.org/@quais/json-wallets/-/json-wallets-0.1.0.tgz",
      "integrity": "sha512-kJeGxOKzMirZV0aaoKPaGe657zf84VeSoCukugAs7sULMcTKIxetYdXmrYagu2pk2pmfhUGmMKXLHa+7RMhu2w==",
      "dependencies": {
        "@quais/abstract-signer": "^0.1.0",
        "@quais/address": "^0.1.0",
        "@quais/bytes": "^0.1.0",
        "@quais/hdnode": "^0.1.0",
        "@quais/keccak256": "^0.1.0",
        "@quais/logger": "^0.1.0",
        "@quais/pbkdf2": "^0.1.0",
        "@quais/properties": "^0.1.0",
        "@quais/random": "^0.1.0",
        "@quais/strings": "^0.1.0",
        "@quais/transactions": "^0.1.0",
        "aes-js": "3.0.0",
        "scrypt-js": "3.0.1"
      }
    },
    "node_modules/@quais/keccak256": {
      "version": "0.1.0",
      "resolved": "https://registry.npmjs.org/@quais/keccak256/-/keccak256-0.1.0.tgz",
      "integrity": "sha512-DVzHE+MuMLaX1pKlb1rNIe6ym9l7qkt345U+AZwefb9IiFTX/oNzdPEamO6nC/uo1nVxHrLtTOSSbJczrh3K+w==",
      "dependencies": {
        "@quais/bytes": "^0.1.0",
        "js-sha3": "0.8.0"
      }
    },
    "node_modules/@quais/logger": {
      "version": "0.1.0",
      "resolved": "https://registry.npmjs.org/@quais/logger/-/logger-0.1.0.tgz",
      "integrity": "sha512-bHdg1lRjzEzghhTlkTN/2olzTuH9ju3dy43U/uYgk+TPXya7msfLkh/pZAReXEtN2Oe/nlP+0jZ9BvFwQPaPng=="
    },
    "node_modules/@quais/networks": {
      "version": "0.1.0",
      "resolved": "https://registry.npmjs.org/@quais/networks/-/networks-0.1.0.tgz",
      "integrity": "sha512-CmK9BvxqLO5DSBKFPvljmi3jF4CxBDlfLK+Mm8hFTQ6CbzSP7L5u5Q0RpQSngxDm2zmPeGvgTmTaXnotyPIRSQ==",
      "dependencies": {
        "@quais/logger": "^0.1.0"
      }
    },
    "node_modules/@quais/pbkdf2": {
      "version": "0.1.0",
      "resolved": "https://registry.npmjs.org/@quais/pbkdf2/-/pbkdf2-0.1.0.tgz",
      "integrity": "sha512-/y9Wp6vfX/bM4iZWMrjDp7uCDAvddv0G7iYXXlfSAvgvB0YP8wXL1s+r2FIb1drHoRA18X/kWhRAieWnJ0r6zw==",
      "funding": [
        {
          "type": "individual",
          "url": "https://gitcoin.co/grants/13/ethersjs-complete-simple-and-tiny-2"
        },
        {
          "type": "individual",
          "url": "https://www.buymeacoffee.com/ricmoo"
        }
      ],
      "dependencies": {
        "@quais/bytes": "^0.1.0",
        "@quais/sha2": "^0.1.0"
      }
    },
    "node_modules/@quais/properties": {
      "version": "0.1.0",
      "resolved": "https://registry.npmjs.org/@quais/properties/-/properties-0.1.0.tgz",
      "integrity": "sha512-A1EA48h8X+L6KiBfjjQjWzpk3hjGAajnyPipn6w84pgZUMxrckdgskJ9mzTH6WZ7LhQU4rvrTcqLz7cn32TgQA==",
      "dependencies": {
        "@quais/logger": "^0.1.0"
      }
    },
    "node_modules/@quais/providers": {
      "version": "0.1.5",
      "resolved": "https://registry.npmjs.org/@quais/providers/-/providers-0.1.5.tgz",
      "integrity": "sha512-NN2CLWVVHqSPEezl8StSyuW9O55ggCbF4I86LwNHCLnVz7Keu/aLNgjj/bSFzzYkA6g2+a73bU6izt1zseaXgw==",
      "dependencies": {
        "@quais/abstract-provider": "^0.1.0",
        "@quais/abstract-signer": "^0.1.0",
        "@quais/address": "^0.1.1",
        "@quais/base64": "^0.1.0",
        "@quais/basex": "^0.1.0",
        "@quais/bignumber": "^0.1.0",
        "@quais/bytes": "^0.1.0",
        "@quais/constants": "^0.1.0",
        "@quais/hash": "^0.1.0",
        "@quais/logger": "^0.1.0",
        "@quais/networks": "^0.1.0",
        "@quais/properties": "^0.1.0",
        "@quais/random": "^0.1.0",
        "@quais/rlp": "^0.1.0",
        "@quais/sha2": "^0.1.0",
        "@quais/strings": "^0.1.0",
        "@quais/transactions": "^0.1.0",
        "@quais/web": "^0.1.0",
        "bech32": "1.1.4",
        "ws": "7.4.6"
      }
    },
    "node_modules/@quais/random": {
      "version": "0.1.0",
      "resolved": "https://registry.npmjs.org/@quais/random/-/random-0.1.0.tgz",
      "integrity": "sha512-FVXDbM35uzekxz3gei1/q0hZUt+e+0pC5yYkq75FR1pvBe9MPOh1I0p9prPlYV7TVyMitG9RPobZkuHCOzRxtw==",
      "funding": [
        {
          "type": "individual",
          "url": "https://gitcoin.co/grants/13/ethersjs-complete-simple-and-tiny-2"
        },
        {
          "type": "individual",
          "url": "https://www.buymeacoffee.com/ricmoo"
        }
      ],
      "dependencies": {
        "@quais/bytes": "^0.1.0",
        "@quais/logger": "^0.1.0"
      }
    },
    "node_modules/@quais/rlp": {
      "version": "0.1.0",
      "resolved": "https://registry.npmjs.org/@quais/rlp/-/rlp-0.1.0.tgz",
      "integrity": "sha512-5aqnfDRjNn5iclKix8gIGIGI7LNL0KMBqUIkkrNO+qXftP/Sn7CxLgfm/1782ZMl5suV8ylD4PjsEezLkfi9eg==",
      "funding": [
        {
          "type": "individual",
          "url": "https://gitcoin.co/grants/13/ethersjs-complete-simple-and-tiny-2"
        },
        {
          "type": "individual",
          "url": "https://www.buymeacoffee.com/ricmoo"
        }
      ],
      "dependencies": {
        "@quais/bytes": "^0.1.0",
        "@quais/logger": "^0.1.0"
      }
    },
    "node_modules/@quais/sha2": {
      "version": "0.1.0",
      "resolved": "https://registry.npmjs.org/@quais/sha2/-/sha2-0.1.0.tgz",
      "integrity": "sha512-sMC5YyLwLIXwTvyf2VRszcfbsyFfo4FOCMcpCSQW5vgt4dVr8k8osB4IUu/IZK1zpj93ejudzeUrcMIlPhEGTw==",
      "dependencies": {
        "@quais/bytes": "^0.1.0",
        "@quais/logger": "^0.1.0",
        "hash.js": "1.1.7"
      }
    },
    "node_modules/@quais/signing-key": {
      "version": "0.1.0",
      "resolved": "https://registry.npmjs.org/@quais/signing-key/-/signing-key-0.1.0.tgz",
      "integrity": "sha512-xxQsjf3cZSNHO1bNJzvjOnceUSQg5o9H8JOuLd+g7Px6uuRpBgVS+OxZRXt5rOGvmJ0Xznrv5M07kJHCJUnpPA==",
      "dependencies": {
        "@quais/bytes": "^0.1.0",
        "@quais/logger": "^0.1.0",
        "@quais/properties": "^0.1.0",
        "bn.js": "^5.2.1",
        "elliptic": "6.5.4",
        "hash.js": "1.1.7"
      }
    },
    "node_modules/@quais/solidity": {
      "version": "0.1.0",
      "resolved": "https://registry.npmjs.org/@quais/solidity/-/solidity-0.1.0.tgz",
      "integrity": "sha512-Q93DWKLY50Imd0gt3NG/4BdVrSlZbHwYXMOxkeknmfPvhNN2nX2X/T6dKnhbiOk1RHtQPkpd9EjcDVM4vfbX4g==",
      "dependencies": {
        "@quais/bignumber": "^0.1.0",
        "@quais/bytes": "^0.1.0",
        "@quais/keccak256": "^0.1.0",
        "@quais/logger": "^0.1.0",
        "@quais/sha2": "^0.1.0",
        "@quais/strings": "^0.1.0"
      }
    },
    "node_modules/@quais/strings": {
      "version": "0.1.0",
      "resolved": "https://registry.npmjs.org/@quais/strings/-/strings-0.1.0.tgz",
      "integrity": "sha512-xNYHkyc0LbnyUBxcHgEfcmGaABAJTGarmBOmudOxSj07hKEZi5g656OJWHj85zv5CiXFCytBSk7LXGf9bK0lAQ==",
      "funding": [
        {
          "type": "individual",
          "url": "https://gitcoin.co/grants/13/ethersjs-complete-simple-and-tiny-2"
        },
        {
          "type": "individual",
          "url": "https://www.buymeacoffee.com/ricmoo"
        }
      ],
      "dependencies": {
        "@quais/bytes": "^0.1.0",
        "@quais/constants": "^0.1.0",
        "@quais/logger": "^0.1.0"
      }
    },
    "node_modules/@quais/transactions": {
      "version": "0.1.2",
      "resolved": "https://registry.npmjs.org/@quais/transactions/-/transactions-0.1.2.tgz",
      "integrity": "sha512-aCuvmpUZ/w+UvnLl8AN6ekBpNSxhQli1J4Jpmy3PL4JNzGw9Xmgc9sntCZVxYBFLDdB4HIUIF9loxRLXVbNr8Q==",
      "dependencies": {
        "@quais/address": "^0.1.0",
        "@quais/bignumber": "^0.1.0",
        "@quais/bytes": "^0.1.0",
        "@quais/constants": "^0.1.0",
        "@quais/keccak256": "^0.1.0",
        "@quais/logger": "^0.1.0",
        "@quais/properties": "^0.1.0",
        "@quais/rlp": "^0.1.0",
        "@quais/signing-key": "^0.1.0"
      }
    },
    "node_modules/@quais/units": {
      "version": "0.1.0",
      "resolved": "https://registry.npmjs.org/@quais/units/-/units-0.1.0.tgz",
      "integrity": "sha512-RTT2xNT/V0dfjrvXcihLEPUfGC5Q0hXlgt7ZDoHP9kaeqhylAZHZEf6yu78CJfmkUro4Leyia9McBvGa5qxHdw==",
      "funding": [
        {
          "type": "individual",
          "url": "https://gitcoin.co/grants/13/ethersjs-complete-simple-and-tiny-2"
        },
        {
          "type": "individual",
          "url": "https://www.buymeacoffee.com/ricmoo"
        }
      ],
      "dependencies": {
        "@quais/bignumber": "^0.1.0",
        "@quais/constants": "^0.1.0",
        "@quais/logger": "^0.1.0"
      }
    },
    "node_modules/@quais/wallet": {
      "version": "0.1.0",
      "resolved": "https://registry.npmjs.org/@quais/wallet/-/wallet-0.1.0.tgz",
      "integrity": "sha512-ShlFDEjHWTSIZ75EpTfnY6HDexZ13o47FOVFfE99IcMQ2Kc6RNuQoV5GwUipG4FzmdNgCQYVKAmlKknEyotqMw==",
      "dependencies": {
        "@quais/abstract-provider": "^0.1.0",
        "@quais/abstract-signer": "^0.1.0",
        "@quais/address": "^0.1.0",
        "@quais/bignumber": "^0.1.0",
        "@quais/bytes": "^0.1.0",
        "@quais/hash": "^0.1.0",
        "@quais/hdnode": "^0.1.0",
        "@quais/json-wallets": "^0.1.0",
        "@quais/keccak256": "^0.1.0",
        "@quais/logger": "^0.1.0",
        "@quais/properties": "^0.1.0",
        "@quais/random": "^0.1.0",
        "@quais/signing-key": "^0.1.0",
        "@quais/transactions": "^0.1.0",
        "@quais/wordlists": "^0.1.0"
      }
    },
    "node_modules/@quais/web": {
      "version": "0.1.0",
      "resolved": "https://registry.npmjs.org/@quais/web/-/web-0.1.0.tgz",
      "integrity": "sha512-F2t5VWQXeH649e5j0DRaTjACuWL+fmxiiicoS5Kud9djdOUdjdoGCNwp+nrA9QuO8PG2X6Ao1jDWex+UHUJjVA==",
      "dependencies": {
        "@quais/base64": "^0.1.0",
        "@quais/bytes": "^0.1.0",
        "@quais/logger": "^0.1.0",
        "@quais/properties": "^0.1.0",
        "@quais/strings": "^0.1.0"
      }
    },
    "node_modules/@quais/wordlists": {
      "version": "0.1.0",
      "resolved": "https://registry.npmjs.org/@quais/wordlists/-/wordlists-0.1.0.tgz",
      "integrity": "sha512-7KZxxE3nL3V7kU7U0OhYPq/3e23Je4hTEgPLRVlV/ZYi2k6tA71EE6ASC7MxvtTk4uC77KlAMF5JSRgioYvIMA==",
      "dependencies": {
        "@quais/bytes": "^0.1.0",
        "@quais/hash": "^0.1.0",
        "@quais/logger": "^0.1.0",
        "@quais/properties": "^0.1.0",
        "@quais/strings": "^0.1.0"
      }
    },
    "node_modules/aes-js": {
      "version": "3.0.0",
      "resolved": "https://registry.npmjs.org/aes-js/-/aes-js-3.0.0.tgz",
      "integrity": "sha512-H7wUZRn8WpTq9jocdxQ2c8x2sKo9ZVmzfRE13GiNJXfp7NcKYEdvl3vspKjXox6RIG2VtaRe4JFvxG4rqp2Zuw=="
    },
    "node_modules/bech32": {
      "version": "1.1.4",
      "resolved": "https://registry.npmjs.org/bech32/-/bech32-1.1.4.tgz",
      "integrity": "sha512-s0IrSOzLlbvX7yp4WBfPITzpAU8sqQcpsmwXDiKwrG4r491vwCO/XpejasRNl0piBMe/DvP4Tz0mIS/X1DPJBQ=="
    },
    "node_modules/bn.js": {
      "version": "5.2.1",
      "resolved": "https://registry.npmjs.org/bn.js/-/bn.js-5.2.1.tgz",
      "integrity": "sha512-eXRvHzWyYPBuB4NBy0cmYQjGitUrtqwbvlzP3G6VFnNRbsZQIxQ10PbKKHt8gZ/HW/D/747aDl+QkDqg3KQLMQ=="
    },
    "node_modules/brorand": {
      "version": "1.1.0",
      "resolved": "https://registry.npmjs.org/brorand/-/brorand-1.1.0.tgz",
      "integrity": "sha512-cKV8tMCEpQs4hK/ik71d6LrPOnpkpGBR0wzxqr68g2m/LB2GxVYQroAjMJZRVM1Y4BCjCKc3vAamxSzOY2RP+w=="
    },
    "node_modules/elliptic": {
      "version": "6.5.4",
      "resolved": "https://registry.npmjs.org/elliptic/-/elliptic-6.5.4.tgz",
      "integrity": "sha512-iLhC6ULemrljPZb+QutR5TQGB+pdW6KGD5RSegS+8sorOZT+rdQFbsQFJgvN3eRqNALqJer4oQ16YvJHlU8hzQ==",
      "dependencies": {
        "bn.js": "^4.11.9",
        "brorand": "^1.1.0",
        "hash.js": "^1.0.0",
        "hmac-drbg": "^1.0.1",
        "inherits": "^2.0.4",
        "minimalistic-assert": "^1.0.1",
        "minimalistic-crypto-utils": "^1.0.1"
      }
    },
    "node_modules/elliptic/node_modules/bn.js": {
      "version": "4.12.0",
      "resolved": "https://registry.npmjs.org/bn.js/-/bn.js-4.12.0.tgz",
      "integrity": "sha512-c98Bf3tPniI+scsdk237ku1Dc3ujXQTSgyiPUDEOe7tRkhrqridvh8klBv0HCEso1OLOYcHuCv/cS6DNxKH+ZA=="
    },
    "node_modules/hash.js": {
      "version": "1.1.7",
      "resolved": "https://registry.npmjs.org/hash.js/-/hash.js-1.1.7.tgz",
      "integrity": "sha512-taOaskGt4z4SOANNseOviYDvjEJinIkRgmp7LbKP2YTTmVxWBl87s/uzK9r+44BclBSp2X7K1hqeNfz9JbBeXA==",
      "dependencies": {
        "inherits": "^2.0.3",
        "minimalistic-assert": "^1.0.1"
      }
    },
    "node_modules/hmac-drbg": {
      "version": "1.0.1",
      "resolved": "https://registry.npmjs.org/hmac-drbg/-/hmac-drbg-1.0.1.tgz",
      "integrity": "sha512-Tti3gMqLdZfhOQY1Mzf/AanLiqh1WTiJgEj26ZuYQ9fbkLomzGchCws4FyrSd4VkpBfiNhaE1On+lOz894jvXg==",
      "dependencies": {
        "hash.js": "^1.0.3",
        "minimalistic-assert": "^1.0.0",
        "minimalistic-crypto-utils": "^1.0.1"
      }
    },
    "node_modules/inherits": {
      "version": "2.0.4",
      "resolved": "https://registry.npmjs.org/inherits/-/inherits-2.0.4.tgz",
      "integrity": "sha512-k/vGaX4/Yla3WzyMCvTQOXYeIHvqOKtnqBduzTHpzpQZzAskKMhZ2K+EnBiSM9zGSoIFeMpXKxa4dYeZIQqewQ=="
    },
    "node_modules/js-sha3": {
      "version": "0.8.0",
      "resolved": "https://registry.npmjs.org/js-sha3/-/js-sha3-0.8.0.tgz",
      "integrity": "sha512-gF1cRrHhIzNfToc802P800N8PpXS+evLLXfsVpowqmAFR9uwbi89WvXg2QspOmXL8QL86J4T1EpFu+yUkwJY3Q=="
    },
    "node_modules/minimalistic-assert": {
      "version": "1.0.1",
      "resolved": "https://registry.npmjs.org/minimalistic-assert/-/minimalistic-assert-1.0.1.tgz",
      "integrity": "sha512-UtJcAD4yEaGtjPezWuO9wC4nwUnVH/8/Im3yEHQP4b67cXlD/Qr9hdITCU1xDbSEXg2XKNaP8jsReV7vQd00/A=="
    },
    "node_modules/minimalistic-crypto-utils": {
      "version": "1.0.1",
      "resolved": "https://registry.npmjs.org/minimalistic-crypto-utils/-/minimalistic-crypto-utils-1.0.1.tgz",
      "integrity": "sha512-JIYlbt6g8i5jKfJ3xz7rF0LXmv2TkDxBLUkiBeZ7bAx4GnnNMr8xFpGnOxn6GhTEHx3SjRrZEoU+j04prX1ktg=="
    },
    "node_modules/scrypt-js": {
      "version": "3.0.1",
      "resolved": "https://registry.npmjs.org/scrypt-js/-/scrypt-js-3.0.1.tgz",
      "integrity": "sha512-cdwTTnqPu0Hyvf5in5asVdZocVDTNRmR7XEcJuIzMjJeSHybHl7vpB66AzwTaIg6CLSbtjcxc8fqcySfnTkccA=="
    },
    "node_modules/ws": {
      "version": "7.4.6",
      "resolved": "https://registry.npmjs.org/ws/-/ws-7.4.6.tgz",
      "integrity": "sha512-YmhHDO4MzaDLB+M9ym/mDA5z0naX8j7SIlT8f8z+I0VtzsRbekxEutHSme7NPS2qE8StCYQNUnfWdXta/Yu85A==",
      "engines": {
        "node": ">=8.3.0"
      },
      "peerDependencies": {
        "bufferutil": "^4.0.1",
        "utf-8-validate": "^5.0.2"
      },
      "peerDependenciesMeta": {
        "bufferutil": {
          "optional": true
        },
        "utf-8-validate": {
          "optional": true
        }
      }
    }
  }
}
